
Microsoft Visual Studio Solution File, Format Version 12.00
# Visual Studio 14
VisualStudioVersion = 14.0.25420.1
MinimumVisualStudioVersion = 10.0.40219.1
Project("{FAE04EC0-301F-11D3-BF4B-00C04F79EFBC}") = "Chapter3", "BeautifulNET\Chapter3.csproj", "{150A90A5-D69F-4F3B-9F56-59C29A9BC22B}"
EndProject
Project("{FAE04EC0-301F-11D3-BF4B-00C04F79EFBC}") = "Chapter1", "Chapter1\Chapter1.csproj", "{1B325AA1-06E8-4AC4-ACF8-839C44D7C92D}"
EndProject
Project("{FAE04EC0-301F-11D3-BF4B-00C04F79EFBC}") = "Chapter2", "Chapter2\Chapter2.csproj", "{E8ED6B0F-297F-4645-A21F-ACC499827379}"
EndProject
Project("{FAE04EC0-301F-11D3-BF4B-00C04F79EFBC}") = "Chapter3(Event)", "Chapter3(Event)\Chapter3(Event).csproj", "{492E2F6B-C744-4CB2-B530-5C461E1A0547}"
EndProject
Global
	GlobalSection(SolutionConfigurationPlatforms) = preSolution
		Debug|Any CPU = Debug|Any CPU
		Release|Any CPU = Release|Any CPU
	EndGlobalSection
	GlobalSection(ProjectConfigurationPlatforms) = postSolution
		{150A90A5-D69F-4F3B-9F56-59C29A9BC22B}.Debug|Any CPU.ActiveCfg = Debug|Any CPU
		{150A90A5-D69F-4F3B-9F56-59C29A9BC22B}.Debug|Any CPU.Build.0 = Debug|Any CPU
		{150A90A5-D69F-4F3B-9F56-59C29A9BC22B}.Release|Any CPU.ActiveCfg = Release|Any CPU
		{150A90A5-D69F-4F3B-9F56-59C29A9BC22B}.Release|Any CPU.Build.0 = Release|Any CPU
		{1B325AA1-06E8-4AC4-ACF8-839C44D7C92D}.Debug|Any CPU.ActiveCfg = Debug|Any CPU
		{1B325AA1-06E8-4AC4-ACF8-839C44D7C92D}.Debug|Any CPU.Build.0 = Debug|Any CPU
		{1B325AA1-06E8-4AC4-ACF8-839C44D7C92D}.Release|Any CPU.ActiveCfg = Release|Any CPU
		{1B325AA1-06E8-4AC4-ACF8-839C44D7C92D}.Release|Any CPU.Build.0 = Release|Any CPU
		{E8ED6B0F-297F-4645-A21F-ACC499827379}.Debug|Any CPU.ActiveCfg = Debug|Any CPU
		{E8ED6B0F-297F-4645-A21F-ACC499827379}.Debug|Any CPU.Build.0 = Debug|Any CPU
		{E8ED6B0F-297F-4645-A21F-ACC499827379}.Release|Any CPU.ActiveCfg = Release|Any CPU
		{E8ED6B0F-297F-4645-A21F-ACC499827379}.Release|Any CPU.Build.0 = Release|Any CPU
		{492E2F6B-C744-4CB2-B530-5C461E1A0547}.Debug|Any CPU.ActiveCfg = Debug|Any CPU
		{492E2F6B-C744-4CB2-B530-5C461E1A0547}.Debug|Any CPU.Build.0 = Debug|Any CPU
		{492E2F6B-C744-4CB2-B530-5C461E1A0547}.Release|Any CPU.ActiveCfg = Release|Any CPU
		{492E2F6B-C744-4CB2-B530-5C461E1A0547}.Release|Any CPU.Build.0 = Release|Any CPU
	EndGlobalSection
	GlobalSection(SolutionProperties) = preSolution
		HideSolutionNode = FALSE
	EndGlobalSection
EndGlobal
